
Microsoft Visual Studio Solution File, Format Version 12.00
# Visual Studio Version 16
VisualStudioVersion = 16.0.30413.136
MinimumVisualStudioVersion = 10.0.40219.1
Project("{9092AA53-FB77-4645-B42D-1CCCA6BD08BD}") = "MongoDBJS", "MongoDBJS\MongoDBJS.njsproj", "{02C493B7-49B3-4E26-9AA5-8B939513C304}"
EndProject
Global
	GlobalSection(SolutionConfigurationPlatforms) = preSolution
		Debug|Any CPU = Debug|Any CPU
		Release|Any CPU = Release|Any CPU
	EndGlobalSection
	GlobalSection(ProjectConfigurationPlatforms) = postSolution
		{02C493B7-49B3-4E26-9AA5-8B939513C304}.Debug|Any CPU.ActiveCfg = Debug|Any CPU
		{02C493B7-49B3-4E26-9AA5-8B939513C304}.Debug|Any CPU.Build.0 = Debug|Any CPU
		{02C493B7-49B3-4E26-9AA5-8B939513C304}.Release|Any CPU.ActiveCfg = Release|Any CPU
		{02C493B7-49B3-4E26-9AA5-8B939513C304}.Release|Any CPU.Build.0 = Release|Any CPU
	EndGlobalSection
	GlobalSection(SolutionProperties) = preSolution
		HideSolutionNode = FALSE
	EndGlobalSection
	GlobalSection(ExtensibilityGlobals) = postSolution
		SolutionGuid = {F1474E84-566F-4D22-9E7B-BE606957A4B0}
	EndGlobalSection
EndGlobal
